# This file is automatically @generated by Cargo.
# It is not intended for manual editing.
version = 4

[[package]]
name = "fig"
version = "4.0.0"
source = "registry+https://github.com/rust-lang/crates.io-index"
checksum = "7851c277261b742c3958c482ef3d762d460fb7286890c3ca2ff2a17655a9d23a"
dependencies = [
 "fig-sys",
]

[[package]]
name = "fig-schema"
version = "0.2.1"
dependencies = [
 "fig",
]

[[package]]
name = "fig-sys"
version = "4.0.0"
source = "registry+https://github.com/rust-lang/crates.io-index"
checksum = "77025202ee774d64cb9f65664456b11a30483b4afaba2042a7049ee3d07b8c7d"
dependencies = [
 "fig-sys-linux-arm64-gnu",
 "fig-sys-linux-x64-gnu",
 "fig-sys-macos-arm64",
 "fig-sys-wasm32",
 "fig-sys-windows-x64-msvc",
]

[[package]]
name = "fig-sys-linux-arm64-gnu"
version = "4.0.0"
source = "registry+https://github.com/rust-lang/crates.io-index"
checksum = "1dd2f87336414bebd700de027d73643aad8233f5f5d9f38095b42f4a9777d868"

[[package]]
name = "fig-sys-linux-x64-gnu"
version = "4.0.0"
source = "registry+https://github.com/rust-lang/crates.io-index"
checksum = "c82efb10916b8bae0b8b06864531a5ed59c9b9dcb00fe22b5ee1ec7f56cb52e2"

[[package]]
name = "fig-sys-macos-arm64"
version = "4.0.0"
source = "registry+https://github.com/rust-lang/crates.io-index"
checksum = "f2606faade4c97de8b7206b1a3adfdc944dff3f405882fbfd64e783ce0a3ca0b"

[[package]]
name = "fig-sys-wasm32"
version = "4.0.0"
source = "registry+https://github.com/rust-lang/crates.io-index"
checksum = "b75e57d0ae43a0b32ae2b4300114d30503863da75a4c609f8d978f29cf3956eb"

[[package]]
name = "fig-sys-windows-x64-msvc"
version = "4.0.0"
source = "registry+https://github.com/rust-lang/crates.io-index"
checksum = "a7f4c42715367913c17341acfcdd87057bb212acdd28167891576df4fdb560d3"

[[package]]
name = "xtask"
version = "0.0.0"
